// !$*UTF8*$!
{
	archiveVersion = 1;
	classes = {
	};
	objectVersion = 46;
	objects = {

/* Begin PBXBuildFile section */
		AE9FB7D11D407A12009D0BDC /* AppDelegate.swift in Sources */ = {isa = PBXBuildFile; fileRef = AE9FB7D01D407A12009D0BDC /* AppDelegate.swift */; };
		AE9FB7D31D407A12009D0BDC /* ViewController.swift in Sources */ = {isa = PBXBuildFile; fileRef = AE9FB7D21D407A12009D0BDC /* ViewController.swift */; };
		AE9FB7D61D407A12009D0BDC /* Main.storyboard in Resources */ = {isa = PBXBuildFile; fileRef = AE9FB7D41D407A12009D0BDC /* Main.storyboard */; };
		AE9FB7D81D407A12009D0BDC /* Assets.xcassets in Resources */ = {isa = PBXBuildFile; fileRef = AE9FB7D71D407A12009D0BDC /* Assets.xcassets */; };
		AE9FB7DB1D407A12009D0BDC /* LaunchScreen.storyboard in Resources */ = {isa = PBXBuildFile; fileRef = AE9FB7D91D407A12009D0BDC /* LaunchScreen.storyboard */; };
/* End PBXBuildFile section */

/* Begin PBXFileReference section */
		AE9FB7CD1D407A12009D0BDC /* SuperCool.app */ = {isa = PBXFileReference; explicitFileType = wrapper.application; includeInIndex = 0; path = SuperCool.app; sourceTree = BUILT_PRODUCTS_DIR; };
		AE9FB7D01D407A12009D0BDC /* AppDelegate.swift */ = {isa = PBXFileReference; lastKnownFileType = sourcecode.swift; path = AppDelegate.swift; sourceTree = "<group>"; };
		AE9FB7D21D407A12009D0BDC /* ViewController.swift */ = {isa = PBXFileReference; lastKnownFileType = sourcecode.swift; path = ViewController.swift; sourceTree = "<group>"; };
		AE9FB7D51D407A12009D0BDC /* Base */ = {isa = PBXFileReference; lastKnownFileType = file.storyboard; name = Base; path = Base.lproj/Main.storyboard; sourceTree = "<group>"; };
		AE9FB7D71D407A12009D0BDC /* Assets.xcassets */ = {isa = PBXFileReference; lastKnownFileType = folder.assetcatalog; path = Assets.xcassets; sourceTree = "<group>"; };
		AE9FB7DA1D407A12009D0BDC /* Base */ = {isa = PBXFileReference; lastKnownFileType = file.storyboard; name = Base; path = Base.lproj/LaunchScreen.storyboard; sourceTree = "<group>"; };
		AE9FB7DC1D407A12009D0BDC /* Info.plist */ = {isa = PBXFileReference; lastKnownFileType = text.plist.xml; path = Info.plist; sourceTree = "<group>"; };
/* End PBXFileReference section */

/* Begin PBXFrameworksBuildPhase section */
		AE9FB7CA1D407A12009D0BDC /* Frameworks */ = {
			isa = PBXFrameworksBuildPhase;
			buildActionMask = 2147483647;
			files = (
			);
			runOnlyForDeploymentPostprocessing = 0;
		};
/* End PBXFrameworksBuildPhase section */

/* Begin PBXGroup section */
		AE9FB7C41D407A11009D0BDC = {
			isa = PBXGroup;
			children = (
				AE9FB7CF1D407A12009D0BDC /* SuperCool */,
				AE9FB7CE1D407A12009D0BDC /* Products */,
			);
			sourceTree = "<group>";
		};
		AE9FB7CE1D407A12009D0BDC /* Products */ = {
			isa = PBXGroup;
			children = (
				AE9FB7CD1D407A12009D0BDC /* SuperCool.app */,
			);
			name = Products;
			sourceTree = "<group>";
		};
		AE9FB7CF1D407A12009D0BDC /* SuperCool */ = {
			isa = PBXGroup;
			children = (
				AE9FB7D01D407A12009D0BDC /* AppDelegate.swift */,
				AE9FB7D21D407A12009D0BDC /* ViewController.swift */,
				AE9FB7D41D407A12009D0BDC /* Main.storyboard */,
				AE9FB7D71D407A12009D0BDC /* Assets.xcassets */,
				AE9FB7D91D407A12009D0BDC /* LaunchScreen.storyboard */,
				AE9FB7DC1D407A12009D0BDC /* Info.plist */,
			);
			path = SuperCool;
			sourceTree = "<group>";
		};
/* End PBXGroup section */

/* Begin PBXNativeTarget section */
		AE9FB7CC1D407A12009D0BDC /* SuperCool */ = {
			isa = PBXNativeTarget;
			buildConfigurationList = AE9FB7DF1D407A12009D0BDC /* Build configuration list for PBXNativeTarget "SuperCool" */;
			buildPhases = (
				AE9FB7C91D407A12009D0BDC /* Sources */,
				AE9FB7CA1D407A12009D0BDC /* Frameworks */,
				AE9FB7CB1D407A12009D0BDC /* Resources */,
			);
			buildRules = (
			);
			dependencies = (
			);
			name = SuperCool;
			productName = SuperCool;
			productReference = AE9FB7CD1D407A12009D0BDC /* SuperCool.app */;
			productType = "com.apple.product-type.application";
		};
/* End PBXNativeTarget section */

/* Begin PBXProject section */
		AE9FB7C51D407A11009D0BDC /* Project object */ = {
			isa = PBXProject;
			attributes = {
				LastSwiftUpdateCheck = 0730;
				LastUpgradeCheck = 0730;
				ORGANIZATIONNAME = "Duncan Hamilton";
				TargetAttributes = {
					AE9FB7CC1D407A12009D0BDC = {
						CreatedOnToolsVersion = 7.3.1;
					};
				};
			};
			buildConfigurationList = AE9FB7C81D407A11009D0BDC /* Build configuration list for PBXProject "SuperCool" */;
			compatibilityVersion = "Xcode 3.2";
			developmentRegion = English;
			hasScannedForEncodings = 0;
			knownRegions = (
				en,
				Base,
			);
			mainGroup = AE9FB7C41D407A11009D0BDC;
			productRefGroup = AE9FB7CE1D407A12009D0BDC /* Products */;
			projectDirPath = "";
			projectRoot = "";
			targets = (
				AE9FB7CC1D407A12009D0BDC /* SuperCool */,
			);
		};
/* End PBXProject section */

/* Begin PBXResourcesBuildPhase section */
		AE9FB7CB1D407A12009D0BDC /* Resources */ = {
			isa = PBXResourcesBuildPhase;
			buildActionMask = 2147483647;
			files = (
				AE9FB7DB1D407A12009D0BDC /* LaunchScreen.storyboard in Resources */,
				AE9FB7D81D407A12009D0BDC /* Assets.xcassets in Resources */,
				AE9FB7D61D407A12009D0BDC /* Main.storyboard in Resources */,
			);
			runOnlyForDeploymentPostprocessing = 0;
		};
/* End PBXResourcesBuildPhase section */

/* Begin PBXSourcesBuildPhase section */
		AE9FB7C91D407A12009D0BDC /* Sources */ = {
			isa = PBXSourcesBuildPhase;
			buildActionMask = 2147483647;
			files = (
				AE9FB7D31D407A12009D0BDC /* ViewController.swift in Sources */,
				AE9FB7D11D407A12009D0BDC /* AppDelegate.swift in Sources */,
			);
			runOnlyForDeploymentPostprocessing = 0;
		};
/* End PBXSourcesBuildPhase section */

/* Begin PBXVariantGroup section */
		AE9FB7D41D407A12009D0BDC /* Main.storyboard */ = {
			isa = PBXVariantGroup;
			children = (
				AE9FB7D51D407A12009D0BDC /* Base */,
			);
			name = Main.storyboard;
			sourceTree = "<group>";
		};
		AE9FB7D91D407A12009D0BDC /* LaunchScreen.storyboard */ = {
			isa = PBXVariantGroup;
			children = (
				AE9FB7DA1D407A12009D0BDC /* Base */,
			);
			name = LaunchScreen.storyboard;
			sourceTree = "<group>";
		};
/* End PBXVariantGroup section */

/* Begin XCBuildConfiguration section */
		AE9FB7DD1D407A12009D0BDC /* Debug */ = {
			isa = XCBuildConfiguration;
			buildSettings = {
				ALWAYS_SEARCH_USER_PATHS = NO;
				CLANG_ANALYZER_NONNULL = YES;
				CLANG_CXX_LANGUAGE_STANDARD = "gnu++0x";
				CLANG_CXX_LIBRARY = "libc++";
				CLANG_ENABLE_MODULES = YES;
				CLANG_ENABLE_OBJC_ARC = YES;
				CLANG_WARN_BOOL_CONVERSION = YES;
				CLANG_WARN_CONSTANT_CONVERSION = YES;
				CLANG_WARN_DIRECT_OBJC_ISA_USAGE = YES_ERROR;
				CLANG_WARN_EMPTY_BODY = YES;
				CLANG_WARN_ENUM_CONVERSION = YES;
				CLANG_WARN_INT_CONVERSION = YES;
				CLANG_WARN_OBJC_ROOT_CLASS = YES_ERROR;
				CLANG_WARN_UNREACHABLE_CODE = YES;
				CLANG_WARN__DUPLICATE_METHOD_MATCH = YES;
				"CODE_SIGN_IDENTITY[sdk=iphoneos*]" = "iPhone Developer";
				COPY_PHASE_STRIP = NO;
				DEBUG_INFORMATION_FORMAT = dwarf;
				ENABLE_STRICT_OBJC_MSGSEND = YES;
				ENABLE_TESTABILITY = YES;
				GCC_C_LANGUAGE_STANDARD = gnu99;
				GCC_DYNAMIC_NO_PIC = NO;
				GCC_NO_COMMON_BLOCKS = YES;
				GCC_OPTIMIZATION_LEVEL = 0;
				GCC_PREPROCESSOR_DEFINITIONS = (
					"DEBUG=1",
					"$(inherited)",
				);
				GCC_WARN_64_TO_32_BIT_CONVERSION = YES;
				GCC_WARN_ABOUT_RETURN_TYPE = YES_ERROR;
				GCC_WARN_UNDECLARED_SELECTOR = YES;
				GCC_WARN_UNINITIALIZED_AUTOS = YES_AGGRESSIVE;
				GCC_WARN_UNUSED_FUNCTION = YES;
				GCC_WARN_UNUSED_VARIABLE = YES;
				IPHONEOS_DEPLOYMENT_TARGET = 9.3;
				MTL_ENABLE_DEBUG_INFO = YES;
				ONLY_ACTIVE_ARCH = YES;
				SDKROOT = iphoneos;
				SWIFT_OPTIMIZATION_LEVEL = "-Onone";
			};
			name = Debug;
		};
		AE9FB7DE1D407A12009D0BDC /* Release */ = {
			isa = XCBuildConfiguration;
			buildSettings = {
				ALWAYS_SEARCH_USER_PATHS = NO;
				CLANG_ANALYZER_NONNULL = YES;
				CLANG_CXX_LANGUAGE_STANDARD = "gnu++0x";
				CLANG_CXX_LIBRARY = "libc++";
				CLANG_ENABLE_MODULES = YES;
				CLANG_ENABLE_OBJC_ARC = YES;
				CLANG_WARN_BOOL_CONVERSION = YES;
				CLANG_WARN_CONSTANT_CONVERSION = YES;
				CLANG_WARN_DIRECT_OBJC_ISA_USAGE = YES_ERROR;
				CLANG_WARN_EMPTY_BODY = YES;
				CLANG_WARN_ENUM_CONVERSION = YES;
				CLANG_WARN_INT_CONVERSION = YES;
				CLANG_WARN_OBJC_ROOT_CLASS = YES_ERROR;
				CLANG_WARN_UNREACHABLE_CODE = YES;
				CLANG_WARN__DUPLICATE_METHOD_MATCH = YES;
				"CODE_SIGN_IDENTITY[sdk=iphoneos*]" = "iPhone Developer";
				COPY_PHASE_STRIP = NO;
				DEBUG_INFORMATION_FORMAT = "dwarf-with-dsym";
				ENABLE_NS_ASSERTIONS = NO;
				ENABLE_STRICT_OBJC_MSGSEND = YES;
				GCC_C_LANGUAGE_STANDARD = gnu99;
				GCC_NO_COMMON_BLOCKS = YES;
				GCC_WARN_64_TO_32_BIT_CONVERSION = YES;
				GCC_WARN_ABOUT_RETURN_TYPE = YES_ERROR;
				GCC_WARN_UNDECLARED_SELECTOR = YES;
				GCC_WARN_UNINITIALIZED_AUTOS = YES_AGGRESSIVE;
				GCC_WARN_UNUSED_FUNCTION = YES;
				GCC_WARN_UNUSED_VARIABLE = YES;
				IPHONEOS_DEPLOYMENT_TARGET = 9.3;
				MTL_ENABLE_DEBUG_INFO = NO;
				SDKROOT = iphoneos;
				VALIDATE_PRODUCT = YES;
			};
			name = Release;
		};
		AE9FB7E01D407A12009D0BDC /* Debug */ = {
			isa = XCBuildConfiguration;
			buildSettings = {
				ASSETCATALOG_COMPILER_APPICON_NAME = AppIcon;
				INFOPLIST_FILE = SuperCool/Info.plist;
				LD_RUNPATH_SEARCH_PATHS = "$(inherited) @executable_path/Frameworks";
				PRODUCT_BUNDLE_IDENTIFIER = com.rtdcommerce.supercool.SuperCool;
				PRODUCT_NAME = "$(TARGET_NAME)";
			};
			name = Debug;
		};
		AE9FB7E11D407A12009D0BDC /* Release */ = {
			isa = XCBuildConfiguration;
			buildSettings = {
				ASSETCATALOG_COMPILER_APPICON_NAME = AppIcon;
				INFOPLIST_FILE = SuperCool/Info.plist;
				LD_RUNPATH_SEARCH_PATHS = "$(inherited) @executable_path/Frameworks";
				PRODUCT_BUNDLE_IDENTIFIER = com.rtdcommerce.supercool.SuperCool;
				PRODUCT_NAME = "$(TARGET_NAME)";
			};
			name = Release;
		};
/* End XCBuildConfiguration section */

/* Begin XCConfigurationList section */
		AE9FB7C81D407A11009D0BDC /* Build configuration list for PBXProject "SuperCool" */ = {
			isa = XCConfigurationList;
			buildConfigurations = (
				AE9FB7DD1D407A12009D0BDC /* Debug */,
				AE9FB7DE1D407A12009D0BDC /* Release */,
			);
			defaultConfigurationIsVisible = 0;
			defaultConfigurationName = Release;
		};
		AE9FB7DF1D407A12009D0BDC /* Build configuration list for PBXNativeTarget "SuperCool" */ = {
			isa = XCConfigurationList;
			buildConfigurations = (
				AE9FB7E01D407A12009D0BDC /* Debug */,
				AE9FB7E11D407A12009D0BDC /* Release */,
			);
			defaultConfigurationIsVisible = 0;
		};
/* End XCConfigurationList section */
	};
	rootObject = AE9FB7C51D407A11009D0BDC /* Project object */;
}
